
Microsoft Visual Studio Solution File, Format Version 12.00
# Visual Studio 15
VisualStudioVersion = 15.0.27703.2047
MinimumVisualStudioVersion = 10.0.40219.1
Project("{FAE04EC0-301F-11D3-BF4B-00C04F79EFBC}") = "CSharpLearningApp", "CSharpLearningApp\CSharpLearningApp.csproj", "{E69A3B68-DC34-468F-B342-9CDA94CDEC29}"
EndProject
Global
	GlobalSection(SolutionConfigurationPlatforms) = preSolution
		Debug|Any CPU = Debug|Any CPU
		Release|Any CPU = Release|Any CPU
	EndGlobalSection
	GlobalSection(ProjectConfigurationPlatforms) = postSolution
		{E69A3B68-DC34-468F-B342-9CDA94CDEC29}.Debug|Any CPU.ActiveCfg = Debug|Any CPU
		{E69A3B68-DC34-468F-B342-9CDA94CDEC29}.Debug|Any CPU.Build.0 = Debug|Any CPU
		{E69A3B68-DC34-468F-B342-9CDA94CDEC29}.Release|Any CPU.ActiveCfg = Release|Any CPU
		{E69A3B68-DC34-468F-B342-9CDA94CDEC29}.Release|Any CPU.Build.0 = Release|Any CPU
	EndGlobalSection
	GlobalSection(SolutionProperties) = preSolution
		HideSolutionNode = FALSE
	EndGlobalSection
	GlobalSection(ExtensibilityGlobals) = postSolution
		SolutionGuid = {BB326C14-AC5B-479F-A222-C1754810D739}
	EndGlobalSection
EndGlobal
