
Microsoft Visual Studio Solution File, Format Version 12.00
# Visual Studio 15
VisualStudioVersion = 15.0.28010.2036
MinimumVisualStudioVersion = 10.0.40219.1
Project("{FAE04EC0-301F-11D3-BF4B-00C04F79EFBC}") = "FilmRegister", "FilmRegister\FilmRegister.csproj", "{915CB9BC-CC5D-4F41-AC29-3EE22F463146}"
EndProject
Global
	GlobalSection(SolutionConfigurationPlatforms) = preSolution
		Debug|Any CPU = Debug|Any CPU
		Release|Any CPU = Release|Any CPU
	EndGlobalSection
	GlobalSection(ProjectConfigurationPlatforms) = postSolution
		{915CB9BC-CC5D-4F41-AC29-3EE22F463146}.Debug|Any CPU.ActiveCfg = Debug|Any CPU
		{915CB9BC-CC5D-4F41-AC29-3EE22F463146}.Debug|Any CPU.Build.0 = Debug|Any CPU
		{915CB9BC-CC5D-4F41-AC29-3EE22F463146}.Release|Any CPU.ActiveCfg = Release|Any CPU
		{915CB9BC-CC5D-4F41-AC29-3EE22F463146}.Release|Any CPU.Build.0 = Release|Any CPU
	EndGlobalSection
	GlobalSection(SolutionProperties) = preSolution
		HideSolutionNode = FALSE
	EndGlobalSection
	GlobalSection(ExtensibilityGlobals) = postSolution
		SolutionGuid = {02915C4A-CC73-4FC3-AB72-84C1B67CA6A8}
	EndGlobalSection
EndGlobal
